
Microsoft Visual Studio Solution File, Format Version 12.00
# Visual Studio Version 16
VisualStudioVersion = 16.0.30717.126
MinimumVisualStudioVersion = 10.0.40219.1
Project("{9A19103F-16F7-4668-BE54-9A1E7A4F7556}") = "Requests.Server", "Requests\Server\Requests.Server.csproj", "{E25896A6-3CB5-43AF-B093-C97E313A7722}"
EndProject
Project("{9A19103F-16F7-4668-BE54-9A1E7A4F7556}") = "Requests.Client", "Requests\Client\Requests.Client.csproj", "{B4B4D322-B46C-4AE7-BEA3-E4093D69F9E6}"
EndProject
Project("{9A19103F-16F7-4668-BE54-9A1E7A4F7556}") = "Requests.Shared", "Requests\Shared\Requests.Shared.csproj", "{7ADA9BE4-440B-4836-9276-9366F2F1B722}"
EndProject
Global
	GlobalSection(SolutionConfigurationPlatforms) = preSolution
		Debug|Any CPU = Debug|Any CPU
		Release|Any CPU = Release|Any CPU
	EndGlobalSection
	GlobalSection(ProjectConfigurationPlatforms) = postSolution
		{E25896A6-3CB5-43AF-B093-C97E313A7722}.Debug|Any CPU.ActiveCfg = Debug|Any CPU
		{E25896A6-3CB5-43AF-B093-C97E313A7722}.Debug|Any CPU.Build.0 = Debug|Any CPU
		{E25896A6-3CB5-43AF-B093-C97E313A7722}.Release|Any CPU.ActiveCfg = Release|Any CPU
		{E25896A6-3CB5-43AF-B093-C97E313A7722}.Release|Any CPU.Build.0 = Release|Any CPU
		{B4B4D322-B46C-4AE7-BEA3-E4093D69F9E6}.Debug|Any CPU.ActiveCfg = Debug|Any CPU
		{B4B4D322-B46C-4AE7-BEA3-E4093D69F9E6}.Debug|Any CPU.Build.0 = Debug|Any CPU
		{B4B4D322-B46C-4AE7-BEA3-E4093D69F9E6}.Release|Any CPU.ActiveCfg = Release|Any CPU
		{B4B4D322-B46C-4AE7-BEA3-E4093D69F9E6}.Release|Any CPU.Build.0 = Release|Any CPU
		{7ADA9BE4-440B-4836-9276-9366F2F1B722}.Debug|Any CPU.ActiveCfg = Debug|Any CPU
		{7ADA9BE4-440B-4836-9276-9366F2F1B722}.Debug|Any CPU.Build.0 = Debug|Any CPU
		{7ADA9BE4-440B-4836-9276-9366F2F1B722}.Release|Any CPU.ActiveCfg = Release|Any CPU
		{7ADA9BE4-440B-4836-9276-9366F2F1B722}.Release|Any CPU.Build.0 = Release|Any CPU
	EndGlobalSection
	GlobalSection(SolutionProperties) = preSolution
		HideSolutionNode = FALSE
	EndGlobalSection
	GlobalSection(ExtensibilityGlobals) = postSolution
		SolutionGuid = {0449DD69-F652-4006-B832-DED99F8063C6}
	EndGlobalSection
EndGlobal
